github.com/giantswarm/microerror v0.4.1 h1:WMiD7HQASoUA9lZzPlPK+erCEOJ0uT4cyo18VfCXHD0=
github.com/giantswarm/microerror v0.4.1/go.mod h1:URFj0gFCmZihjya6saQCXxslBrgctXb4NsXYHB5JdrI=
github.com/google/go-cmp v0.6.0 h1:ofyhxvXcZhMsU5ulbFiLKl/XBFqE1GSq7atu8tAmTRI=
github.com/google/go-cmp v0.6.0/go.mod h1:17dUlkBOakJ0+DkrSSNjCkIjxS6bF9zb3elmeNGIjoY=
