# This file is autogenerated, do not edit; changes may be undone by the next 'dep ensure'.


[[projects]]
  digest = "1:701a5f5a7297ced0c7b9aeeba6a40ef47663b956d56e7acd09fe0d1c31eb1e4b"
  name = "github.com/giantswarm/microerror"
  packages = ["."]
  pruneopts = "UT"
  revision = "e8fe0fa9c0097ca80d8b773e1d728843447f9233"
  version = "v0.1.0"

[[projects]]
  branch = "master"
  digest = "1:926b6084b81f49359f67e48ef8b74f33ea8509afe8410d3b34789eaea02da898"
  name = "github.com/juju/errgo"
  packages = ["."]
  pruneopts = "UT"
  revision = "08cceb5d0b5331634b9826762a8fd53b29b86ad8"

[solve-meta]
  analyzer-name = "dep"
  analyzer-version = 1
  input-imports = ["github.com/giantswarm/microerror"]
  solver-name = "gps-cdcl"
  solver-version = 1
